Microsoft Visual Studio Solution File, Format Version 12.00
# Visual Studio Version 17
VisualStudioVersion = 17.5.2.0
MinimumVisualStudioVersion = 10.0.40219.1
Project("{FAE04EC0-301F-11D3-BF4B-00C04F79EFBC}") = "apr", "apr.csproj", "{1C32765C-39B0-F91A-1090-81456B755C6B}"
EndProject
Global
	GlobalSection(SolutionConfigurationPlatforms) = preSolution
		Debug|Any CPU = Debug|Any CPU
		Release|Any CPU = Release|Any CPU
	EndGlobalSection
	GlobalSection(ProjectConfigurationPlatforms) = postSolution
		{1C32765C-39B0-F91A-1090-81456B755C6B}.Debug|Any CPU.ActiveCfg = Debug|Any CPU
		{1C32765C-39B0-F91A-1090-81456B755C6B}.Debug|Any CPU.Build.0 = Debug|Any CPU
		{1C32765C-39B0-F91A-1090-81456B755C6B}.Release|Any CPU.ActiveCfg = Release|Any CPU
		{1C32765C-39B0-F91A-1090-81456B755C6B}.Release|Any CPU.Build.0 = Release|Any CPU
	EndGlobalSection
	GlobalSection(SolutionProperties) = preSolution
		HideSolutionNode = FALSE
	EndGlobalSection
	GlobalSection(ExtensibilityGlobals) = postSolution
		SolutionGuid = {6F7EFB70-E9D4-406F-96DA-614546274E6D}
	EndGlobalSection
EndGlobal
